
Microsoft Visual Studio Solution File, Format Version 12.00
# Visual Studio 15
VisualStudioVersion = 15.0.27703.2035
MinimumVisualStudioVersion = 10.0.40219.1
Project("{FAE04EC0-301F-11D3-BF4B-00C04F79EFBC}") = "SlackNotification", "SlackNotification\SlackNotification.csproj", "{3BE01419-2F28-4EE8-8495-7EB1A652E20E}"
EndProject
Global
	GlobalSection(SolutionConfigurationPlatforms) = preSolution
		Debug|Any CPU = Debug|Any CPU
		Release|Any CPU = Release|Any CPU
	EndGlobalSection
	GlobalSection(ProjectConfigurationPlatforms) = postSolution
		{3BE01419-2F28-4EE8-8495-7EB1A652E20E}.Debug|Any CPU.ActiveCfg = Debug|Any CPU
		{3BE01419-2F28-4EE8-8495-7EB1A652E20E}.Debug|Any CPU.Build.0 = Debug|Any CPU
		{3BE01419-2F28-4EE8-8495-7EB1A652E20E}.Release|Any CPU.ActiveCfg = Release|Any CPU
		{3BE01419-2F28-4EE8-8495-7EB1A652E20E}.Release|Any CPU.Build.0 = Release|Any CPU
	EndGlobalSection
	GlobalSection(SolutionProperties) = preSolution
		HideSolutionNode = FALSE
	EndGlobalSection
	GlobalSection(ExtensibilityGlobals) = postSolution
		SolutionGuid = {4076EA5B-37A1-41BD-9911-B3EEBA6E965E}
	EndGlobalSection
EndGlobal
